{
  "nodes": {
    "android-nixpkgs": {
      "inputs": {
        "devshell": "devshell",
        "flake-utils": "flake-utils_2",
        "nixpkgs": "nixpkgs_2"
      },
      "locked": {
        "lastModified": 1760041349,
        "narHash": "sha256-rnXQhu4ezE+TyrdORPF6pdfBsRXl5EdR1B6CIvxWE7A=",
        "owner": "tadfisher",
        "repo": "android-nixpkgs",
        "rev": "2447268753165c8a464621aba453c63eab9a5ad5",
        "type": "github"
      },
      "original": {
        "owner": "tadfisher",
        "repo": "android-nixpkgs",
        "type": "github"
      }
    },
    "copilot-cli": {
      "inputs": {
        "nixpkgs": "nixpkgs_3"
      },
      "locked": {
        "lastModified": 1759246624,
        "narHash": "sha256-kcblzGoJESrIJpQqFG8WWqndeIXUouGBmoXqIr3+uUk=",
        "owner": "scarisey",
        "repo": "copilot-cli-flake",
        "rev": "2781011bb2a254544271e6bfe203e3470a5f156a",
        "type": "github"
      },
      "original": {
        "owner": "scarisey",
        "repo": "copilot-cli-flake",
        "type": "github"
      }
    },
    "devshell": {
      "inputs": {
        "nixpkgs": [
          "scarisey-dotfiles",
          "android-nixpkgs",
          "nixpkgs"
        ]
      },
      "locked": {
        "lastModified": 1741473158,
        "narHash": "sha256-kWNaq6wQUbUMlPgw8Y+9/9wP0F8SHkjy24/mN3UAppg=",
        "owner": "numtide",
        "repo": "devshell",
        "rev": "7c9e793ebe66bcba8292989a68c0419b737a22a0",
        "type": "github"
      },
      "original": {
        "owner": "numtide",
        "repo": "devshell",
        "type": "github"
      }
    },
    "flake-compat": {
      "flake": false,
      "locked": {
        "lastModified": 1747046372,
        "narHash": "sha256-CIVLLkVgvHYbgI2UpXvIIBJ12HWgX+fjA8Xf8PUmqCY=",
        "owner": "edolstra",
        "repo": "flake-compat",
        "rev": "9100a0f413b0c601e0533d1d94ffd501ce2e7885",
        "type": "github"
      },
      "original": {
        "owner": "edolstra",
        "repo": "flake-compat",
        "type": "github"
      }
    },
    "flake-utils": {
      "inputs": {
        "systems": "systems"
      },
      "locked": {
        "lastModified": 1731533236,
        "narHash": "sha256-l0KFg5HjrsfsO/JpG+r7fRrqm12kzFHyUHqHCVpMMbI=",
        "owner": "numtide",
        "repo": "flake-utils",
        "rev": "11707dc2f618dd54ca8739b309ec4fc024de578b",
        "type": "github"
      },
      "original": {
        "owner": "numtide",
        "repo": "flake-utils",
        "type": "github"
      }
    },
    "flake-utils_2": {
      "inputs": {
        "systems": "systems_2"
      },
      "locked": {
        "lastModified": 1731533236,
        "narHash": "sha256-l0KFg5HjrsfsO/JpG+r7fRrqm12kzFHyUHqHCVpMMbI=",
        "owner": "numtide",
        "repo": "flake-utils",
        "rev": "11707dc2f618dd54ca8739b309ec4fc024de578b",
        "type": "github"
      },
      "original": {
        "owner": "numtide",
        "repo": "flake-utils",
        "type": "github"
      }
    },
    "flake-utils_3": {
      "inputs": {
        "systems": "systems_3"
      },
      "locked": {
        "lastModified": 1731533236,
        "narHash": "sha256-l0KFg5HjrsfsO/JpG+r7fRrqm12kzFHyUHqHCVpMMbI=",
        "owner": "numtide",
        "repo": "flake-utils",
        "rev": "11707dc2f618dd54ca8739b309ec4fc024de578b",
        "type": "github"
      },
      "original": {
        "owner": "numtide",
        "repo": "flake-utils",
        "type": "github"
      }
    },
    "flake-utils_4": {
      "inputs": {
        "systems": "systems_4"
      },
      "locked": {
        "lastModified": 1731533236,
        "narHash": "sha256-l0KFg5HjrsfsO/JpG+r7fRrqm12kzFHyUHqHCVpMMbI=",
        "owner": "numtide",
        "repo": "flake-utils",
        "rev": "11707dc2f618dd54ca8739b309ec4fc024de578b",
        "type": "github"
      },
      "original": {
        "owner": "numtide",
        "repo": "flake-utils",
        "type": "github"
      }
    },
    "ghostty": {
      "inputs": {
        "flake-compat": "flake-compat",
        "flake-utils": "flake-utils_3",
        "nixpkgs": "nixpkgs_4",
        "zig": "zig",
        "zon2nix": "zon2nix"
      },
      "locked": {
        "lastModified": 1760056747,
        "narHash": "sha256-hgYJE2HGlwg0SF110sYXoZGQ+ObtBkzGqfdSjd2rlOc=",
        "owner": "ghostty-org",
        "repo": "ghostty",
        "rev": "dbe42d9353a578b6425cd7d730b22cdc23869711",
        "type": "github"
      },
      "original": {
        "owner": "ghostty-org",
        "repo": "ghostty",
        "type": "github"
      }
    },
    "home-manager": {
      "inputs": {
        "nixpkgs": "nixpkgs_6"
      },
      "locked": {
        "lastModified": 1758463745,
        "narHash": "sha256-uhzsV0Q0I9j2y/rfweWeGif5AWe0MGrgZ/3TjpDYdGA=",
        "owner": "nix-community",
        "repo": "home-manager",
        "rev": "3b955f5f0a942f9f60cdc9cacb7844335d0f21c3",
        "type": "github"
      },
      "original": {
        "owner": "nix-community",
        "ref": "release-25.05",
        "repo": "home-manager",
        "type": "github"
      }
    },
    "homelab-nix": {
      "inputs": {
        "nixpkgs": "nixpkgs_7"
      },
      "locked": {
        "lastModified": 1759135691,
        "narHash": "sha256-FMTpPHOcTtbQoMN2zUN5VVxP66VKExQ/2B9XFcvc75g=",
        "owner": "scarisey",
        "repo": "homelab-nix",
        "rev": "f314afb09166aa4e6fb069c595b2980a069d410a",
        "type": "github"
      },
      "original": {
        "owner": "scarisey",
        "repo": "homelab-nix",
        "type": "github"
      }
    },
    "nixgl": {
      "inputs": {
        "flake-utils": "flake-utils_4",
        "nixpkgs": "nixpkgs_8"
      },
      "locked": {
        "lastModified": 1752054764,
        "narHash": "sha256-Ob/HuUhANoDs+nvYqyTKrkcPXf4ZgXoqMTQoCK0RFgQ=",
        "owner": "guibou",
        "repo": "nixGL",
        "rev": "a8e1ce7d49a149ed70df676785b07f63288f53c5",
        "type": "github"
      },
      "original": {
        "owner": "guibou",
        "repo": "nixGL",
        "type": "github"
      }
    },
    "nixpkgs": {
      "locked": {
        "lastModified": 1759831965,
        "narHash": "sha256-vgPm2xjOmKdZ0xKA6yLXPJpjOtQPHfaZDRtH+47XEBo=",
        "owner": "nixos",
        "repo": "nixpkgs",
        "rev": "c9b6fb798541223bbb396d287d16f43520250518",
        "type": "github"
      },
      "original": {
        "owner": "nixos",
        "ref": "nixos-unstable",
        "repo": "nixpkgs",
        "type": "github"
      }
    },
    "nixpkgs-master": {
      "locked": {
        "lastModified": 1760057072,
        "narHash": "sha256-KQSVwFp27zwPzWXpyr21JtgavRjD1Ev+me7icW07lXY=",
        "owner": "nixos",
        "repo": "nixpkgs",
        "rev": "03ae22a0b5ffdc12b1fbdcb53d9b2905fa24c745",
        "type": "github"
      },
      "original": {
        "owner": "nixos",
        "ref": "master",
        "repo": "nixpkgs",
        "type": "github"
      }
    },
    "nixpkgs_10": {
      "locked": {
        "lastModified": 1759570798,
        "narHash": "sha256-kbkzsUKYzKhuvMOuxt/aTwWU2mnrwoY964yN3Y4dE98=",
        "owner": "NixOS",
        "repo": "nixpkgs",
        "rev": "0d4f673a88f8405ae14484e6a1ea870e0ba4ca26",
        "type": "github"
      },
      "original": {
        "owner": "NixOS",
        "ref": "nixpkgs-unstable",
        "repo": "nixpkgs",
        "type": "github"
      }
    },
    "nixpkgs_2": {
      "locked": {
        "lastModified": 1759831965,
        "narHash": "sha256-vgPm2xjOmKdZ0xKA6yLXPJpjOtQPHfaZDRtH+47XEBo=",
        "owner": "NixOS",
        "repo": "nixpkgs",
        "rev": "c9b6fb798541223bbb396d287d16f43520250518",
        "type": "github"
      },
      "original": {
        "owner": "NixOS",
        "ref": "nixos-unstable",
        "repo": "nixpkgs",
        "type": "github"
      }
    },
    "nixpkgs_3": {
      "locked": {
        "lastModified": 1759036355,
        "narHash": "sha256-0m27AKv6ka+q270dw48KflE0LwQYrO7Fm4/2//KCVWg=",
        "owner": "NixOS",
        "repo": "nixpkgs",
        "rev": "e9f00bd893984bc8ce46c895c3bf7cac95331127",
        "type": "github"
      },
      "original": {
        "owner": "NixOS",
        "ref": "nixos-unstable",
        "repo": "nixpkgs",
        "type": "github"
      }
    },
    "nixpkgs_4": {
      "locked": {
        "lastModified": 315532800,
        "narHash": "sha256-YwoXN6fthkakCFD7nXPcUK+rkNr6ZTNTuF8zdGaxZo0=",
        "rev": "dc704e6102e76aad573f63b74c742cd96f8f1e6c",
        "type": "tarball",
        "url": "https://releases.nixos.org/nixpkgs/nixpkgs-25.11pre870318.dc704e6102e7/nixexprs.tar.xz"
      },
      "original": {
        "type": "tarball",
        "url": "https://channels.nixos.org/nixpkgs-unstable/nixexprs.tar.xz"
      }
    },
    "nixpkgs_5": {
      "locked": {
        "lastModified": 1758360447,
        "narHash": "sha256-XDY3A83bclygHDtesRoaRTafUd80Q30D/Daf9KSG6bs=",
        "rev": "8eaee110344796db060382e15d3af0a9fc396e0e",
        "type": "tarball",
        "url": "https://releases.nixos.org/nixos/unstable/nixos-25.11pre864002.8eaee1103447/nixexprs.tar.xz"
      },
      "original": {
        "type": "tarball",
        "url": "https://channels.nixos.org/nixos-unstable/nixexprs.tar.xz"
      }
    },
    "nixpkgs_6": {
      "locked": {
        "lastModified": 1753345091,
        "narHash": "sha256-CdX2Rtvp5I8HGu9swBmYuq+ILwRxpXdJwlpg8jvN4tU=",
        "owner": "NixOS",
        "repo": "nixpkgs",
        "rev": "3ff0e34b1383648053bba8ed03f201d3466f90c9",
        "type": "github"
      },
      "original": {
        "owner": "NixOS",
        "ref": "nixos-25.05",
        "repo": "nixpkgs",
        "type": "github"
      }
    },
    "nixpkgs_7": {
      "locked": {
        "lastModified": 1754563854,
        "narHash": "sha256-YzNTExe3kMY9lYs23mZR7jsVHe5TWnpwNrsPOpFs/b8=",
        "owner": "nixos",
        "repo": "nixpkgs",
        "rev": "e728d7ae4bb6394bbd19eec52b7358526a44c414",
        "type": "github"
      },
      "original": {
        "owner": "nixos",
        "ref": "nixos-25.05",
        "repo": "nixpkgs",
        "type": "github"
      }
    },
    "nixpkgs_8": {
      "locked": {
        "lastModified": 1746378225,
        "narHash": "sha256-OeRSuL8PUjIfL3Q0fTbNJD/fmv1R+K2JAOqWJd3Oceg=",
        "owner": "nixos",
        "repo": "nixpkgs",
        "rev": "93e8cdce7afc64297cfec447c311470788131cd9",
        "type": "github"
      },
      "original": {
        "owner": "nixos",
        "repo": "nixpkgs",
        "type": "github"
      }
    },
    "nixpkgs_9": {
      "locked": {
        "lastModified": 1759735786,
        "narHash": "sha256-a0+h02lyP2KwSNrZz4wLJTu9ikujNsTWIC874Bv7IJ0=",
        "owner": "nixos",
        "repo": "nixpkgs",
        "rev": "20c4598c84a671783f741e02bf05cbfaf4907cff",
        "type": "github"
      },
      "original": {
        "owner": "nixos",
        "ref": "nixos-25.05",
        "repo": "nixpkgs",
        "type": "github"
      }
    },
    "private-modules": {
      "locked": {
        "lastModified": 1758050531,
        "narHash": "sha256-jSNWzGGmbRaFnlLx/S6W/6ZdfOCqgCceIbopACyAmGI=",
        "owner": "scarisey",
        "repo": "private-nix-modules",
        "rev": "ff87069ad00f9ecc4c1df93b7ab8417007183308",
        "type": "github"
      },
      "original": {
        "owner": "scarisey",
        "repo": "private-nix-modules",
        "type": "github"
      }
    },
    "private-vault": {
      "locked": {
        "lastModified": 1759757659,
        "narHash": "sha256-cpXToeYXCKOKLjDO7K1M8qaywGmQiMqBfim8f91TmK4=",
        "owner": "scarisey",
        "repo": "vault",
        "rev": "243d89c7ddce6fe12babd10c989702c4232d15d4",
        "type": "github"
      },
      "original": {
        "owner": "scarisey",
        "repo": "vault",
        "type": "github"
      }
    },
    "root": {
      "inputs": {
        "flake-utils": "flake-utils",
        "nixpkgs": "nixpkgs",
        "scarisey-dotfiles": "scarisey-dotfiles"
      }
    },
    "scarisey-dotfiles": {
      "inputs": {
        "android-nixpkgs": "android-nixpkgs",
        "copilot-cli": "copilot-cli",
        "ghostty": "ghostty",
        "home-manager": "home-manager",
        "homelab-nix": "homelab-nix",
        "nixgl": "nixgl",
        "nixpkgs": "nixpkgs_9",
        "nixpkgs-master": "nixpkgs-master",
        "private-modules": "private-modules",
        "private-vault": "private-vault",
        "sops-nix": "sops-nix"
      },
      "locked": {
        "lastModified": 1760058706,
        "narHash": "sha256-lSbkZSf20joVcRHqK0yQFPd2Ra3icqQ5kaPr1pg3TB0=",
        "owner": "scarisey",
        "repo": "nixos-dotfiles",
        "rev": "75f785d436fcda61c2efc3ebc44792fc77652e16",
        "type": "github"
      },
      "original": {
        "owner": "scarisey",
        "repo": "nixos-dotfiles",
        "type": "github"
      }
    },
    "sops-nix": {
      "inputs": {
        "nixpkgs": "nixpkgs_10"
      },
      "locked": {
        "lastModified": 1759635238,
        "narHash": "sha256-UvzKi02LMFP74csFfwLPAZ0mrE7k6EiYaKecplyX9Qk=",
        "owner": "Mic92",
        "repo": "sops-nix",
        "rev": "6e5a38e08a2c31ae687504196a230ae00ea95133",
        "type": "github"
      },
      "original": {
        "owner": "Mic92",
        "repo": "sops-nix",
        "type": "github"
      }
    },
    "systems": {
      "locked": {
        "lastModified": 1681028828,
        "narHash": "sha256-Vy1rq5AaRuLzOxct8nz4T6wlgyUR7zLU309k9mBC768=",
        "owner": "nix-systems",
        "repo": "default",
        "rev": "da67096a3b9bf56a91d16901293e51ba5b49a27e",
        "type": "github"
      },
      "original": {
        "owner": "nix-systems",
        "repo": "default",
        "type": "github"
      }
    },
    "systems_2": {
      "locked": {
        "lastModified": 1681028828,
        "narHash": "sha256-Vy1rq5AaRuLzOxct8nz4T6wlgyUR7zLU309k9mBC768=",
        "owner": "nix-systems",
        "repo": "default",
        "rev": "da67096a3b9bf56a91d16901293e51ba5b49a27e",
        "type": "github"
      },
      "original": {
        "owner": "nix-systems",
        "repo": "default",
        "type": "github"
      }
    },
    "systems_3": {
      "locked": {
        "lastModified": 1681028828,
        "narHash": "sha256-Vy1rq5AaRuLzOxct8nz4T6wlgyUR7zLU309k9mBC768=",
        "owner": "nix-systems",
        "repo": "default",
        "rev": "da67096a3b9bf56a91d16901293e51ba5b49a27e",
        "type": "github"
      },
      "original": {
        "owner": "nix-systems",
        "repo": "default",
        "type": "github"
      }
    },
    "systems_4": {
      "locked": {
        "lastModified": 1681028828,
        "narHash": "sha256-Vy1rq5AaRuLzOxct8nz4T6wlgyUR7zLU309k9mBC768=",
        "owner": "nix-systems",
        "repo": "default",
        "rev": "da67096a3b9bf56a91d16901293e51ba5b49a27e",
        "type": "github"
      },
      "original": {
        "owner": "nix-systems",
        "repo": "default",
        "type": "github"
      }
    },
    "zig": {
      "inputs": {
        "flake-compat": [
          "scarisey-dotfiles",
          "ghostty",
          "flake-compat"
        ],
        "flake-utils": [
          "scarisey-dotfiles",
          "ghostty",
          "flake-utils"
        ],
        "nixpkgs": [
          "scarisey-dotfiles",
          "ghostty",
          "nixpkgs"
        ]
      },
      "locked": {
        "lastModified": 1759192380,
        "narHash": "sha256-0BWJgt4OSzxCESij5oo8WLWrPZ+1qLp8KUQe32QeV4Q=",
        "owner": "mitchellh",
        "repo": "zig-overlay",
        "rev": "0bcd1401ed43d10f10cbded49624206553e92f57",
        "type": "github"
      },
      "original": {
        "owner": "mitchellh",
        "repo": "zig-overlay",
        "type": "github"
      }
    },
    "zon2nix": {
      "inputs": {
        "nixpkgs": "nixpkgs_5"
      },
      "locked": {
        "lastModified": 1758405547,
        "narHash": "sha256-WgaDgvIZMPvlZcZrpPMjkaalTBnGF2lTG+62znXctWM=",
        "owner": "jcollie",
        "repo": "zon2nix",
        "rev": "bf983aa90ff169372b9fa8c02e57ea75e0b42245",
        "type": "github"
      },
      "original": {
        "owner": "jcollie",
        "repo": "zon2nix",
        "rev": "bf983aa90ff169372b9fa8c02e57ea75e0b42245",
        "type": "github"
      }
    }
  },
  "root": "root",
  "version": 7
}
